
Microsoft Visual Studio Solution File, Format Version 12.00
# Visual Studio 14
VisualStudioVersion = 14.0.25420.1
MinimumVisualStudioVersion = 10.0.40219.1
Project("{888888A0-9F3D-457C-B088-3A5042F75D52}") = "lesson1", "..\lesson1\lesson1\lesson1.pyproj", "{10FBC846-21DC-4FDE-8F5B-7EBCEC0FC364}"
EndProject
Project("{888888A0-9F3D-457C-B088-3A5042F75D52}") = "lesson2_data_wrangling", "..\lesson2_data_wrangling\lesson2_data_wrangling.pyproj", "{AFEDCDE8-6E92-49C0-A2F3-C508D12F1AE6}"
EndProject
Project("{888888A0-9F3D-457C-B088-3A5042F75D52}") = "data_analysis", "..\data_analysis\data_analysis.pyproj", "{4DFBD98F-DA73-47DB-B3FA-E37EF7B8215B}"
EndProject
Global
	GlobalSection(SolutionConfigurationPlatforms) = preSolution
		Debug|Any CPU = Debug|Any CPU
		Release|Any CPU = Release|Any CPU
	EndGlobalSection
	GlobalSection(ProjectConfigurationPlatforms) = postSolution
		{10FBC846-21DC-4FDE-8F5B-7EBCEC0FC364}.Debug|Any CPU.ActiveCfg = Debug|Any CPU
		{10FBC846-21DC-4FDE-8F5B-7EBCEC0FC364}.Release|Any CPU.ActiveCfg = Release|Any CPU
		{AFEDCDE8-6E92-49C0-A2F3-C508D12F1AE6}.Debug|Any CPU.ActiveCfg = Debug|Any CPU
		{AFEDCDE8-6E92-49C0-A2F3-C508D12F1AE6}.Release|Any CPU.ActiveCfg = Release|Any CPU
		{4DFBD98F-DA73-47DB-B3FA-E37EF7B8215B}.Debug|Any CPU.ActiveCfg = Debug|Any CPU
		{4DFBD98F-DA73-47DB-B3FA-E37EF7B8215B}.Release|Any CPU.ActiveCfg = Release|Any CPU
	EndGlobalSection
	GlobalSection(SolutionProperties) = preSolution
		HideSolutionNode = FALSE
	EndGlobalSection
EndGlobal
